
Microsoft Visual Studio Solution File, Format Version 12.00
# Visual Studio 15
VisualStudioVersion = 15.0.26730.8
MinimumVisualStudioVersion = 10.0.40219.1
Project("{FAE04EC0-301F-11D3-BF4B-00C04F79EFBC}") = "TestCalc", "TestCalc\TestCalc.csproj", "{04871F51-2F63-4B10-BF8E-7284BD113F0E}"
EndProject
Global
	GlobalSection(SolutionConfigurationPlatforms) = preSolution
		Debug|Any CPU = Debug|Any CPU
		Release|Any CPU = Release|Any CPU
	EndGlobalSection
	GlobalSection(ProjectConfigurationPlatforms) = postSolution
		{04871F51-2F63-4B10-BF8E-7284BD113F0E}.Debug|Any CPU.ActiveCfg = Debug|Any CPU
		{04871F51-2F63-4B10-BF8E-7284BD113F0E}.Debug|Any CPU.Build.0 = Debug|Any CPU
		{04871F51-2F63-4B10-BF8E-7284BD113F0E}.Release|Any CPU.ActiveCfg = Release|Any CPU
		{04871F51-2F63-4B10-BF8E-7284BD113F0E}.Release|Any CPU.Build.0 = Release|Any CPU
	EndGlobalSection
	GlobalSection(SolutionProperties) = preSolution
		HideSolutionNode = FALSE
	EndGlobalSection
	GlobalSection(ExtensibilityGlobals) = postSolution
		SolutionGuid = {CF80756F-CBAB-4D5E-A423-90102666F79E}
	EndGlobalSection
EndGlobal
